<?xml version="1.0" encoding="utf-8"?>
<Project ToolsVersion="4.0" xmlns="http://schemas.microsoft.com/developer/msbuild/2003">
  <ItemGroup>
    <ClCompile Include="Client.cpp">
      <Filter>Source</Filter>
    </ClCompile>
    <ClCompile Include="stdafx.cpp">
      <Filter>Source</Filter>
    </ClCompile>
  </ItemGroup>
  <ItemGroup>
    <ClInclude Include="Client.h">
      <Filter>Header\other</Filter>
    </ClInclude>
    <ClInclude Include="Resource.h">
      <Filter>Header\other</Filter>
    </ClInclude>
    <ClInclude Include="stdafx.h">
      <Filter>Header\other</Filter>
    </ClInclude>
    <ClInclude Include="targetver.h">
      <Filter>Header\other</Filter>
    </ClInclude>
    <ClInclude Include="command.h">
      <Filter>Header\Command</Filter>
    </ClInclude>
    <ClInclude Include="GameActor.h">
      <Filter>Header\Command</Filter>
    </ClInclude>
  </ItemGroup>
  <ItemGroup>
    <Image Include="board.bmp">
      <Filter>Resource</Filter>
    </Image>
    <Image Include="Client.ico">
      <Filter>Resource</Filter>
    </Image>
    <Image Include="pawn.bmp">
      <Filter>Resource</Filter>
    </Image>
    <Image Include="small.ico">
      <Filter>Resource</Filter>
    </Image>
  </ItemGroup>
  <ItemGroup>
    <Filter Include="Source">
      <UniqueIdentifier>{2d9a8825-4a32-4b8e-ad2f-c282540df211}</UniqueIdentifier>
    </Filter>
    <Filter Include="Header">
      <UniqueIdentifier>{ca132661-2a51-4409-95ab-96f232782585}</UniqueIdentifier>
    </Filter>
    <Filter Include="Resource">
      <UniqueIdentifier>{e8a87d6a-5c95-44d6-9540-cc5f4a67f994}</UniqueIdentifier>
    </Filter>
    <Filter Include="Header\Command">
      <UniqueIdentifier>{dae1cf3e-13b1-4b9c-aaa8-1bf067bb6568}</UniqueIdentifier>
    </Filter>
    <Filter Include="Header\other">
      <UniqueIdentifier>{3a4b687e-bc67-4ecd-a91c-aabb6c7f2fa5}</UniqueIdentifier>
    </Filter>
  </ItemGroup>
  <ItemGroup>
    <ResourceCompile Include="Client.rc">
      <Filter>Resource</Filter>
    </ResourceCompile>
  </ItemGroup>
</Project>